
Microsoft Visual Studio Solution File, Format Version 11.00
# Visual Studio 2010
Project("{FAE04EC0-301F-11D3-BF4B-00C04F79EFBC}") = "Eproject", "Eproject\Eproject.csproj", "{427724A4-7537-411A-AA6C-9A0CC36337E5}"
EndProject
Global
	GlobalSection(SolutionConfigurationPlatforms) = preSolution
		Debug|Any CPU = Debug|Any CPU
		Release|Any CPU = Release|Any CPU
	EndGlobalSection
	GlobalSection(ProjectConfigurationPlatforms) = postSolution
		{427724A4-7537-411A-AA6C-9A0CC36337E5}.Debug|Any CPU.ActiveCfg = Debug|Any CPU
		{427724A4-7537-411A-AA6C-9A0CC36337E5}.Debug|Any CPU.Build.0 = Debug|Any CPU
		{427724A4-7537-411A-AA6C-9A0CC36337E5}.Release|Any CPU.ActiveCfg = Release|Any CPU
		{427724A4-7537-411A-AA6C-9A0CC36337E5}.Release|Any CPU.Build.0 = Release|Any CPU
	EndGlobalSection
	GlobalSection(SolutionProperties) = preSolution
		HideSolutionNode = FALSE
	EndGlobalSection
EndGlobal
